
Microsoft Visual Studio Solution File, Format Version 12.00
# Visual Studio 15
VisualStudioVersion = 15.0.28010.2046
MinimumVisualStudioVersion = 10.0.40219.1
Project("{F184B08F-C81C-45F6-A57F-5ABD9991F28F}") = "HELP", "HELP.vbproj", "{27E61558-6919-4990-B5EB-AADD77EF9B69}"
EndProject
Global
	GlobalSection(SolutionConfigurationPlatforms) = preSolution
		Debug|x86 = Debug|x86
		Release|x86 = Release|x86
	EndGlobalSection
	GlobalSection(ProjectConfigurationPlatforms) = postSolution
		{27E61558-6919-4990-B5EB-AADD77EF9B69}.Debug|x86.ActiveCfg = Debug|x86
		{27E61558-6919-4990-B5EB-AADD77EF9B69}.Debug|x86.Build.0 = Debug|x86
		{27E61558-6919-4990-B5EB-AADD77EF9B69}.Release|x86.ActiveCfg = Release|x86
		{27E61558-6919-4990-B5EB-AADD77EF9B69}.Release|x86.Build.0 = Release|x86
	EndGlobalSection
	GlobalSection(SolutionProperties) = preSolution
		HideSolutionNode = FALSE
	EndGlobalSection
	GlobalSection(ExtensibilityGlobals) = postSolution
		SolutionGuid = {8DE49C68-5CFA-43CE-A71C-BBF634AF026E}
	EndGlobalSection
EndGlobal
